{
  "name": "ejs-test",
  "version": "1.0.0",
  "lockfileVersion": 1,
  "requires": true,
  "dependencies": {
    "ejsexcel": {
      "version": "3.6.1",
      "resolved": "https://registry.npmjs.org/ejsexcel/-/ejsexcel-3.6.1.tgz",
      "integrity": "sha512-Y7Wnbd4JyvWSsP7B935bNMDq9cvtKMGfXDznS0Gjw52pWypN7butonVfZ40SMkn0ZKHKM1s/5/NR0jeI03tFxg=="
    }
  }
}
